
Microsoft Visual Studio Solution File, Format Version 12.00
Project("{FAE04EC0-301F-11D3-BF4B-00C04F79EFBC}") = "Api", "src\Api\Api.csproj", "{AC762D64-3851-4D3B-BDCA-660808C82038}"
EndProject
Project("{2150E333-8FDC-42A3-9474-1A3956D46DE8}") = "Deploy", "Deploy", "{B5259775-7A83-4015-BEDC-BD7FE0C16E46}"
	ProjectSection(SolutionItems) = preProject
		docker-compose-db.yml = docker-compose-db.yml
		docker-compose.yml = docker-compose.yml
		Dockerfile = Dockerfile
		executar-teste-local.ps1 = executar-teste-local.ps1
		executar-teste-local.sh = executar-teste-local.sh
		init.sql = init.sql
		nginx.conf = nginx.conf
		README.md = README.md
		RinhaBackendCrebitosSimulation.scala = RinhaBackendCrebitosSimulation.scala
		docker-compose-dev.yml = docker-compose-dev.yml
	EndProjectSection
EndProject
Global
	GlobalSection(SolutionConfigurationPlatforms) = preSolution
		Debug|Any CPU = Debug|Any CPU
		Release|Any CPU = Release|Any CPU
	EndGlobalSection
	GlobalSection(ProjectConfigurationPlatforms) = postSolution
		{AC762D64-3851-4D3B-BDCA-660808C82038}.Debug|Any CPU.ActiveCfg = Debug|Any CPU
		{AC762D64-3851-4D3B-BDCA-660808C82038}.Debug|Any CPU.Build.0 = Debug|Any CPU
		{AC762D64-3851-4D3B-BDCA-660808C82038}.Release|Any CPU.ActiveCfg = Release|Any CPU
		{AC762D64-3851-4D3B-BDCA-660808C82038}.Release|Any CPU.Build.0 = Release|Any CPU
	EndGlobalSection
EndGlobal
